// !$*UTF8*$!
{
	archiveVersion = 1;
	classes = {
	};
	objectVersion = 50;
	objects = {

/* Begin PBXBuildFile section */
		773A0AA0251C436700C05ED1 /* overDoneApp.swift in Sources */ = {isa = PBXBuildFile; fileRef = 773A0A9F251C436700C05ED1 /* overDoneApp.swift */; };
		773A0AA2251C436700C05ED1 /* ContentView.swift in Sources */ = {isa = PBXBuildFile; fileRef = 773A0AA1251C436700C05ED1 /* ContentView.swift */; };
		773A0AA4251C436800C05ED1 /* Assets.xcassets in Resources */ = {isa = PBXBuildFile; fileRef = 773A0AA3251C436800C05ED1 /* Assets.xcassets */; };
		773A0AA7251C436800C05ED1 /* Preview Assets.xcassets in Resources */ = {isa = PBXBuildFile; fileRef = 773A0AA6251C436800C05ED1 /* Preview Assets.xcassets */; };
		773A0AA9251C436800C05ED1 /* Persistence.swift in Sources */ = {isa = PBXBuildFile; fileRef = 773A0AA8251C436800C05ED1 /* Persistence.swift */; };
		773A0AB7251C436900C05ED1 /* overdoneTests.swift in Sources */ = {isa = PBXBuildFile; fileRef = 773A0AB6251C436900C05ED1 /* overdoneTests.swift */; };
		773A0AC2251C436900C05ED1 /* overdoneUITests.swift in Sources */ = {isa = PBXBuildFile; fileRef = 773A0AC1251C436900C05ED1 /* overdoneUITests.swift */; };
		77552EED251D848900C3F46F /* NewTodoPageView.swift in Sources */ = {isa = PBXBuildFile; fileRef = 77552EEC251D848900C3F46F /* NewTodoPageView.swift */; };
		7766815C25203D0E000454AD /* DrilldownView.swift in Sources */ = {isa = PBXBuildFile; fileRef = 7766815B25203D0E000454AD /* DrilldownView.swift */; };
		7766816925205267000454AD /* TodoEntry.swift in Sources */ = {isa = PBXBuildFile; fileRef = 7766816825205267000454AD /* TodoEntry.swift */; };
		77AD9012251D8F0C0028A26A /* overdoneModel.xcdatamodeld in Sources */ = {isa = PBXBuildFile; fileRef = 77AD9010251D8F0C0028A26A /* overdoneModel.xcdatamodeld */; };
		77F31CF425213179007801BB /* EntryView.swift in Sources */ = {isa = PBXBuildFile; fileRef = 77F31CF325213179007801BB /* EntryView.swift */; };
		77F31D1B25214177007801BB /* DetailView.swift in Sources */ = {isa = PBXBuildFile; fileRef = 77F31D1A25214177007801BB /* DetailView.swift */; };
/* End PBXBuildFile section */

/* Begin PBXContainerItemProxy section */
		773A0AB3251C436900C05ED1 /* PBXContainerItemProxy */ = {
			isa = PBXContainerItemProxy;
			containerPortal = 773A0A94251C436700C05ED1 /* Project object */;
			proxyType = 1;
			remoteGlobalIDString = 773A0A9B251C436700C05ED1;
			remoteInfo = twodo;
		};
		773A0ABE251C436900C05ED1 /* PBXContainerItemProxy */ = {
			isa = PBXContainerItemProxy;
			containerPortal = 773A0A94251C436700C05ED1 /* Project object */;
			proxyType = 1;
			remoteGlobalIDString = 773A0A9B251C436700C05ED1;
			remoteInfo = twodo;
		};
/* End PBXContainerItemProxy section */

/* Begin PBXFileReference section */
		773A0A9C251C436700C05ED1 /* overdone.app */ = {isa = PBXFileReference; explicitFileType = wrapper.application; includeInIndex = 0; path = overdone.app; sourceTree = BUILT_PRODUCTS_DIR; };
		773A0A9F251C436700C05ED1 /* overDoneApp.swift */ = {isa = PBXFileReference; lastKnownFileType = sourcecode.swift; path = overDoneApp.swift; sourceTree = "<group>"; };
		773A0AA1251C436700C05ED1 /* ContentView.swift */ = {isa = PBXFileReference; lastKnownFileType = sourcecode.swift; path = ContentView.swift; sourceTree = "<group>"; };
		773A0AA3251C436800C05ED1 /* Assets.xcassets */ = {isa = PBXFileReference; lastKnownFileType = folder.assetcatalog; path = Assets.xcassets; sourceTree = "<group>"; };
		773A0AA6251C436800C05ED1 /* Preview Assets.xcassets */ = {isa = PBXFileReference; lastKnownFileType = folder.assetcatalog; path = "Preview Assets.xcassets"; sourceTree = "<group>"; };
		773A0AA8251C436800C05ED1 /* Persistence.swift */ = {isa = PBXFileReference; lastKnownFileType = sourcecode.swift; path = Persistence.swift; sourceTree = "<group>"; };
		773A0AAD251C436800C05ED1 /* Info.plist */ = {isa = PBXFileReference; lastKnownFileType = text.plist.xml; path = Info.plist; sourceTree = "<group>"; };
		773A0AB2251C436900C05ED1 /* overdoneTests.xctest */ = {isa = PBXFileReference; explicitFileType = wrapper.cfbundle; includeInIndex = 0; path = overdoneTests.xctest; sourceTree = BUILT_PRODUCTS_DIR; };
		773A0AB6251C436900C05ED1 /* overdoneTests.swift */ = {isa = PBXFileReference; lastKnownFileType = sourcecode.swift; path = overdoneTests.swift; sourceTree = "<group>"; };
		773A0AB8251C436900C05ED1 /* Info.plist */ = {isa = PBXFileReference; lastKnownFileType = text.plist.xml; path = Info.plist; sourceTree = "<group>"; };
		773A0ABD251C436900C05ED1 /* overdoneUITests.xctest */ = {isa = PBXFileReference; explicitFileType = wrapper.cfbundle; includeInIndex = 0; path = overdoneUITests.xctest; sourceTree = BUILT_PRODUCTS_DIR; };
		773A0AC1251C436900C05ED1 /* overdoneUITests.swift */ = {isa = PBXFileReference; lastKnownFileType = sourcecode.swift; path = overdoneUITests.swift; sourceTree = "<group>"; };
		773A0AC3251C436900C05ED1 /* Info.plist */ = {isa = PBXFileReference; lastKnownFileType = text.plist.xml; path = Info.plist; sourceTree = "<group>"; };
		77552EEC251D848900C3F46F /* NewTodoPageView.swift */ = {isa = PBXFileReference; lastKnownFileType = sourcecode.swift; path = NewTodoPageView.swift; sourceTree = "<group>"; };
		7766815B25203D0E000454AD /* DrilldownView.swift */ = {isa = PBXFileReference; lastKnownFileType = sourcecode.swift; path = DrilldownView.swift; sourceTree = "<group>"; };
		7766816825205267000454AD /* TodoEntry.swift */ = {isa = PBXFileReference; lastKnownFileType = sourcecode.swift; path = TodoEntry.swift; sourceTree = "<group>"; };
		77AD9011251D8F0C0028A26A /* overdoneModel.xcdatamodel */ = {isa = PBXFileReference; lastKnownFileType = wrapper.xcdatamodel; path = overdoneModel.xcdatamodel; sourceTree = "<group>"; };
		77F31CF325213179007801BB /* EntryView.swift */ = {isa = PBXFileReference; lastKnownFileType = sourcecode.swift; path = EntryView.swift; sourceTree = "<group>"; };
		77F31D1A25214177007801BB /* DetailView.swift */ = {isa = PBXFileReference; lastKnownFileType = sourcecode.swift; path = DetailView.swift; sourceTree = "<group>"; };
/* End PBXFileReference section */

/* Begin PBXFrameworksBuildPhase section */
		773A0A99251C436700C05ED1 /* Frameworks */ = {
			isa = PBXFrameworksBuildPhase;
			buildActionMask = 2147483647;
			files = (
			);
			runOnlyForDeploymentPostprocessing = 0;
		};
		773A0AAF251C436900C05ED1 /* Frameworks */ = {
			isa = PBXFrameworksBuildPhase;
			buildActionMask = 2147483647;
			files = (
			);
			runOnlyForDeploymentPostprocessing = 0;
		};
		773A0ABA251C436900C05ED1 /* Frameworks */ = {
			isa = PBXFrameworksBuildPhase;
			buildActionMask = 2147483647;
			files = (
			);
			runOnlyForDeploymentPostprocessing = 0;
		};
/* End PBXFrameworksBuildPhase section */

/* Begin PBXGroup section */
		7722766425216BFE004F15C8 /* Models */ = {
			isa = PBXGroup;
			children = (
				7766816825205267000454AD /* TodoEntry.swift */,
			);
			path = Models;
			sourceTree = "<group>";
		};
		773A0A93251C436700C05ED1 = {
			isa = PBXGroup;
			children = (
				773A0A9E251C436700C05ED1 /* overdone */,
				773A0AB5251C436900C05ED1 /* overdoneTests */,
				773A0AC0251C436900C05ED1 /* overdoneUITests */,
				773A0A9D251C436700C05ED1 /* Products */,
			);
			sourceTree = "<group>";
		};
		773A0A9D251C436700C05ED1 /* Products */ = {
			isa = PBXGroup;
			children = (
				773A0A9C251C436700C05ED1 /* overdone.app */,
				773A0AB2251C436900C05ED1 /* overdoneTests.xctest */,
				773A0ABD251C436900C05ED1 /* overdoneUITests.xctest */,
			);
			name = Products;
			sourceTree = "<group>";
		};
		773A0A9E251C436700C05ED1 /* overdone */ = {
			isa = PBXGroup;
			children = (
				7722766425216BFE004F15C8 /* Models */,
				77F31D25252147CA007801BB /* Views */,
				773A0A9F251C436700C05ED1 /* overDoneApp.swift */,
				773A0AA3251C436800C05ED1 /* Assets.xcassets */,
				773A0AA8251C436800C05ED1 /* Persistence.swift */,
				77AD9010251D8F0C0028A26A /* overdoneModel.xcdatamodeld */,
				773A0AAD251C436800C05ED1 /* Info.plist */,
				773A0AA5251C436800C05ED1 /* Preview Content */,
			);
			path = overdone;
			sourceTree = "<group>";
		};
		773A0AA5251C436800C05ED1 /* Preview Content */ = {
			isa = PBXGroup;
			children = (
				773A0AA6251C436800C05ED1 /* Preview Assets.xcassets */,
			);
			path = "Preview Content";
			sourceTree = "<group>";
		};
		773A0AB5251C436900C05ED1 /* overdoneTests */ = {
			isa = PBXGroup;
			children = (
				773A0AB6251C436900C05ED1 /* overdoneTests.swift */,
				773A0AB8251C436900C05ED1 /* Info.plist */,
			);
			path = overdoneTests;
			sourceTree = "<group>";
		};
		773A0AC0251C436900C05ED1 /* overdoneUITests */ = {
			isa = PBXGroup;
			children = (
				773A0AC1251C436900C05ED1 /* overdoneUITests.swift */,
				773A0AC3251C436900C05ED1 /* Info.plist */,
			);
			path = overdoneUITests;
			sourceTree = "<group>";
		};
		77F31D25252147CA007801BB /* Views */ = {
			isa = PBXGroup;
			children = (
				77552EEC251D848900C3F46F /* NewTodoPageView.swift */,
				7766815B25203D0E000454AD /* DrilldownView.swift */,
				77F31D1A25214177007801BB /* DetailView.swift */,
				77F31CF325213179007801BB /* EntryView.swift */,
				773A0AA1251C436700C05ED1 /* ContentView.swift */,
			);
			path = Views;
			sourceTree = "<group>";
		};
/* End PBXGroup section */

/* Begin PBXNativeTarget section */
		773A0A9B251C436700C05ED1 /* overdone */ = {
			isa = PBXNativeTarget;
			buildConfigurationList = 773A0AC6251C436900C05ED1 /* Build configuration list for PBXNativeTarget "overdone" */;
			buildPhases = (
				773A0A98251C436700C05ED1 /* Sources */,
				773A0A99251C436700C05ED1 /* Frameworks */,
				773A0A9A251C436700C05ED1 /* Resources */,
			);
			buildRules = (
			);
			dependencies = (
			);
			name = overdone;
			productName = twodo;
			productReference = 773A0A9C251C436700C05ED1 /* overdone.app */;
			productType = "com.apple.product-type.application";
		};
		773A0AB1251C436900C05ED1 /* overdoneTests */ = {
			isa = PBXNativeTarget;
			buildConfigurationList = 773A0AC9251C436900C05ED1 /* Build configuration list for PBXNativeTarget "overdoneTests" */;
			buildPhases = (
				773A0AAE251C436900C05ED1 /* Sources */,
				773A0AAF251C436900C05ED1 /* Frameworks */,
				773A0AB0251C436900C05ED1 /* Resources */,
			);
			buildRules = (
			);
			dependencies = (
				773A0AB4251C436900C05ED1 /* PBXTargetDependency */,
			);
			name = overdoneTests;
			productName = twodoTests;
			productReference = 773A0AB2251C436900C05ED1 /* overdoneTests.xctest */;
			productType = "com.apple.product-type.bundle.unit-test";
		};
		773A0ABC251C436900C05ED1 /* overdoneUITests */ = {
			isa = PBXNativeTarget;
			buildConfigurationList = 773A0ACC251C436900C05ED1 /* Build configuration list for PBXNativeTarget "overdoneUITests" */;
			buildPhases = (
				773A0AB9251C436900C05ED1 /* Sources */,
				773A0ABA251C436900C05ED1 /* Frameworks */,
				773A0ABB251C436900C05ED1 /* Resources */,
			);
			buildRules = (
			);
			dependencies = (
				773A0ABF251C436900C05ED1 /* PBXTargetDependency */,
			);
			name = overdoneUITests;
			productName = twodoUITests;
			productReference = 773A0ABD251C436900C05ED1 /* overdoneUITests.xctest */;
			productType = "com.apple.product-type.bundle.ui-testing";
		};
/* End PBXNativeTarget section */

/* Begin PBXProject section */
		773A0A94251C436700C05ED1 /* Project object */ = {
			isa = PBXProject;
			attributes = {
				LastSwiftUpdateCheck = 1200;
				LastUpgradeCheck = 1200;
				TargetAttributes = {
					773A0A9B251C436700C05ED1 = {
						CreatedOnToolsVersion = 12.0;
					};
					773A0AB1251C436900C05ED1 = {
						CreatedOnToolsVersion = 12.0;
						TestTargetID = 773A0A9B251C436700C05ED1;
					};
					773A0ABC251C436900C05ED1 = {
						CreatedOnToolsVersion = 12.0;
						TestTargetID = 773A0A9B251C436700C05ED1;
					};
				};
			};
			buildConfigurationList = 773A0A97251C436700C05ED1 /* Build configuration list for PBXProject "overdone" */;
			compatibilityVersion = "Xcode 9.3";
			developmentRegion = en;
			hasScannedForEncodings = 0;
			knownRegions = (
				en,
				Base,
			);
			mainGroup = 773A0A93251C436700C05ED1;
			productRefGroup = 773A0A9D251C436700C05ED1 /* Products */;
			projectDirPath = "";
			projectRoot = "";
			targets = (
				773A0A9B251C436700C05ED1 /* overdone */,
				773A0AB1251C436900C05ED1 /* overdoneTests */,
				773A0ABC251C436900C05ED1 /* overdoneUITests */,
			);
		};
/* End PBXProject section */

/* Begin PBXResourcesBuildPhase section */
		773A0A9A251C436700C05ED1 /* Resources */ = {
			isa = PBXResourcesBuildPhase;
			buildActionMask = 2147483647;
			files = (
				773A0AA7251C436800C05ED1 /* Preview Assets.xcassets in Resources */,
				773A0AA4251C436800C05ED1 /* Assets.xcassets in Resources */,
			);
			runOnlyForDeploymentPostprocessing = 0;
		};
		773A0AB0251C436900C05ED1 /* Resources */ = {
			isa = PBXResourcesBuildPhase;
			buildActionMask = 2147483647;
			files = (
			);
			runOnlyForDeploymentPostprocessing = 0;
		};
		773A0ABB251C436900C05ED1 /* Resources */ = {
			isa = PBXResourcesBuildPhase;
			buildActionMask = 2147483647;
			files = (
			);
			runOnlyForDeploymentPostprocessing = 0;
		};
/* End PBXResourcesBuildPhase section */

/* Begin PBXSourcesBuildPhase section */
		773A0A98251C436700C05ED1 /* Sources */ = {
			isa = PBXSourcesBuildPhase;
			buildActionMask = 2147483647;
			files = (
				773A0AA9251C436800C05ED1 /* Persistence.swift in Sources */,
				773A0AA2251C436700C05ED1 /* ContentView.swift in Sources */,
				7766816925205267000454AD /* TodoEntry.swift in Sources */,
				77F31D1B25214177007801BB /* DetailView.swift in Sources */,
				7766815C25203D0E000454AD /* DrilldownView.swift in Sources */,
				77AD9012251D8F0C0028A26A /* overdoneModel.xcdatamodeld in Sources */,
				77552EED251D848900C3F46F /* NewTodoPageView.swift in Sources */,
				773A0AA0251C436700C05ED1 /* overDoneApp.swift in Sources */,
				77F31CF425213179007801BB /* EntryView.swift in Sources */,
			);
			runOnlyForDeploymentPostprocessing = 0;
		};
		773A0AAE251C436900C05ED1 /* Sources */ = {
			isa = PBXSourcesBuildPhase;
			buildActionMask = 2147483647;
			files = (
				773A0AB7251C436900C05ED1 /* overdoneTests.swift in Sources */,
			);
			runOnlyForDeploymentPostprocessing = 0;
		};
		773A0AB9251C436900C05ED1 /* Sources */ = {
			isa = PBXSourcesBuildPhase;
			buildActionMask = 2147483647;
			files = (
				773A0AC2251C436900C05ED1 /* overdoneUITests.swift in Sources */,
			);
			runOnlyForDeploymentPostprocessing = 0;
		};
/* End PBXSourcesBuildPhase section */

/* Begin PBXTargetDependency section */
		773A0AB4251C436900C05ED1 /* PBXTargetDependency */ = {
			isa = PBXTargetDependency;
			target = 773A0A9B251C436700C05ED1 /* overdone */;
			targetProxy = 773A0AB3251C436900C05ED1 /* PBXContainerItemProxy */;
		};
		773A0ABF251C436900C05ED1 /* PBXTargetDependency */ = {
			isa = PBXTargetDependency;
			target = 773A0A9B251C436700C05ED1 /* overdone */;
			targetProxy = 773A0ABE251C436900C05ED1 /* PBXContainerItemProxy */;
		};
/* End PBXTargetDependency section */

/* Begin XCBuildConfiguration section */
		773A0AC4251C436900C05ED1 /* Debug */ = {
			isa = XCBuildConfiguration;
			buildSettings = {
				ALWAYS_SEARCH_USER_PATHS = NO;
				CLANG_ANALYZER_NONNULL = YES;
				CLANG_ANALYZER_NUMBER_OBJECT_CONVERSION = YES_AGGRESSIVE;
				CLANG_CXX_LANGUAGE_STANDARD = "gnu++14";
				CLANG_CXX_LIBRARY = "libc++";
				CLANG_ENABLE_MODULES = YES;
				CLANG_ENABLE_OBJC_ARC = YES;
				CLANG_ENABLE_OBJC_WEAK = YES;
				CLANG_WARN_BLOCK_CAPTURE_AUTORELEASING = YES;
				CLANG_WARN_BOOL_CONVERSION = YES;
				CLANG_WARN_COMMA = YES;
				CLANG_WARN_CONSTANT_CONVERSION = YES;
				CLANG_WARN_DEPRECATED_OBJC_IMPLEMENTATIONS = YES;
				CLANG_WARN_DIRECT_OBJC_ISA_USAGE = YES_ERROR;
				CLANG_WARN_DOCUMENTATION_COMMENTS = YES;
				CLANG_WARN_EMPTY_BODY = YES;
				CLANG_WARN_ENUM_CONVERSION = YES;
				CLANG_WARN_INFINITE_RECURSION = YES;
				CLANG_WARN_INT_CONVERSION = YES;
				CLANG_WARN_NON_LITERAL_NULL_CONVERSION = YES;
				CLANG_WARN_OBJC_IMPLICIT_RETAIN_SELF = YES;
				CLANG_WARN_OBJC_LITERAL_CONVERSION = YES;
				CLANG_WARN_OBJC_ROOT_CLASS = YES_ERROR;
				CLANG_WARN_QUOTED_INCLUDE_IN_FRAMEWORK_HEADER = YES;
				CLANG_WARN_RANGE_LOOP_ANALYSIS = YES;
				CLANG_WARN_STRICT_PROTOTYPES = YES;
				CLANG_WARN_SUSPICIOUS_MOVE = YES;
				CLANG_WARN_UNGUARDED_AVAILABILITY = YES_AGGRESSIVE;
				CLANG_WARN_UNREACHABLE_CODE = YES;
				CLANG_WARN__DUPLICATE_METHOD_MATCH = YES;
				COPY_PHASE_STRIP = NO;
				DEBUG_INFORMATION_FORMAT = dwarf;
				ENABLE_STRICT_OBJC_MSGSEND = YES;
				ENABLE_TESTABILITY = YES;
				GCC_C_LANGUAGE_STANDARD = gnu11;
				GCC_DYNAMIC_NO_PIC = NO;
				GCC_NO_COMMON_BLOCKS = YES;
				GCC_OPTIMIZATION_LEVEL = 0;
				GCC_PREPROCESSOR_DEFINITIONS = (
					"DEBUG=1",
					"$(inherited)",
				);
				GCC_WARN_64_TO_32_BIT_CONVERSION = YES;
				GCC_WARN_ABOUT_RETURN_TYPE = YES_ERROR;
				GCC_WARN_UNDECLARED_SELECTOR = YES;
				GCC_WARN_UNINITIALIZED_AUTOS = YES_AGGRESSIVE;
				GCC_WARN_UNUSED_FUNCTION = YES;
				GCC_WARN_UNUSED_VARIABLE = YES;
				IPHONEOS_DEPLOYMENT_TARGET = 14.0;
				MTL_ENABLE_DEBUG_INFO = INCLUDE_SOURCE;
				MTL_FAST_MATH = YES;
				ONLY_ACTIVE_ARCH = YES;
				SDKROOT = iphoneos;
				SWIFT_ACTIVE_COMPILATION_CONDITIONS = DEBUG;
				SWIFT_OPTIMIZATION_LEVEL = "-Onone";
			};
			name = Debug;
		};
		773A0AC5251C436900C05ED1 /* Release */ = {
			isa = XCBuildConfiguration;
			buildSettings = {
				ALWAYS_SEARCH_USER_PATHS = NO;
				CLANG_ANALYZER_NONNULL = YES;
				CLANG_ANALYZER_NUMBER_OBJECT_CONVERSION = YES_AGGRESSIVE;
				CLANG_CXX_LANGUAGE_STANDARD = "gnu++14";
				CLANG_CXX_LIBRARY = "libc++";
				CLANG_ENABLE_MODULES = YES;
				CLANG_ENABLE_OBJC_ARC = YES;
				CLANG_ENABLE_OBJC_WEAK = YES;
				CLANG_WARN_BLOCK_CAPTURE_AUTORELEASING = YES;
				CLANG_WARN_BOOL_CONVERSION = YES;
				CLANG_WARN_COMMA = YES;
				CLANG_WARN_CONSTANT_CONVERSION = YES;
				CLANG_WARN_DEPRECATED_OBJC_IMPLEMENTATIONS = YES;
				CLANG_WARN_DIRECT_OBJC_ISA_USAGE = YES_ERROR;
				CLANG_WARN_DOCUMENTATION_COMMENTS = YES;
				CLANG_WARN_EMPTY_BODY = YES;
				CLANG_WARN_ENUM_CONVERSION = YES;
				CLANG_WARN_INFINITE_RECURSION = YES;
				CLANG_WARN_INT_CONVERSION = YES;
				CLANG_WARN_NON_LITERAL_NULL_CONVERSION = YES;
				CLANG_WARN_OBJC_IMPLICIT_RETAIN_SELF = YES;
				CLANG_WARN_OBJC_LITERAL_CONVERSION = YES;
				CLANG_WARN_OBJC_ROOT_CLASS = YES_ERROR;
				CLANG_WARN_QUOTED_INCLUDE_IN_FRAMEWORK_HEADER = YES;
				CLANG_WARN_RANGE_LOOP_ANALYSIS = YES;
				CLANG_WARN_STRICT_PROTOTYPES = YES;
				CLANG_WARN_SUSPICIOUS_MOVE = YES;
				CLANG_WARN_UNGUARDED_AVAILABILITY = YES_AGGRESSIVE;
				CLANG_WARN_UNREACHABLE_CODE = YES;
				CLANG_WARN__DUPLICATE_METHOD_MATCH = YES;
				COPY_PHASE_STRIP = NO;
				DEBUG_INFORMATION_FORMAT = "dwarf-with-dsym";
				ENABLE_NS_ASSERTIONS = NO;
				ENABLE_STRICT_OBJC_MSGSEND = YES;
				GCC_C_LANGUAGE_STANDARD = gnu11;
				GCC_NO_COMMON_BLOCKS = YES;
				GCC_WARN_64_TO_32_BIT_CONVERSION = YES;
				GCC_WARN_ABOUT_RETURN_TYPE = YES_ERROR;
				GCC_WARN_UNDECLARED_SELECTOR = YES;
				GCC_WARN_UNINITIALIZED_AUTOS = YES_AGGRESSIVE;
				GCC_WARN_UNUSED_FUNCTION = YES;
				GCC_WARN_UNUSED_VARIABLE = YES;
				IPHONEOS_DEPLOYMENT_TARGET = 14.0;
				MTL_ENABLE_DEBUG_INFO = NO;
				MTL_FAST_MATH = YES;
				SDKROOT = iphoneos;
				SWIFT_COMPILATION_MODE = wholemodule;
				SWIFT_OPTIMIZATION_LEVEL = "-O";
				VALIDATE_PRODUCT = YES;
			};
			name = Release;
		};
		773A0AC7251C436900C05ED1 /* Debug */ = {
			isa = XCBuildConfiguration;
			buildSettings = {
				ASSETCATALOG_COMPILER_APPICON_NAME = AppIcon;
				ASSETCATALOG_COMPILER_GLOBAL_ACCENT_COLOR_NAME = AccentColor;
				CODE_SIGN_STYLE = Automatic;
				DEVELOPMENT_ASSET_PATHS = "\"overdone/Preview Content\"";
				DEVELOPMENT_TEAM = X2JKSF7P44;
				ENABLE_PREVIEWS = YES;
				INFOPLIST_FILE = overdone/Info.plist;
				IPHONEOS_DEPLOYMENT_TARGET = 14.0;
				LD_RUNPATH_SEARCH_PATHS = (
					"$(inherited)",
					"@executable_path/Frameworks",
				);
				PRODUCT_BUNDLE_IDENTIFIER = com.aridokmecian.overdone;
				PRODUCT_NAME = "$(TARGET_NAME)";
				SWIFT_VERSION = 5.0;
				TARGETED_DEVICE_FAMILY = "1,2";
			};
			name = Debug;
		};
		773A0AC8251C436900C05ED1 /* Release */ = {
			isa = XCBuildConfiguration;
			buildSettings = {
				ASSETCATALOG_COMPILER_APPICON_NAME = AppIcon;
				ASSETCATALOG_COMPILER_GLOBAL_ACCENT_COLOR_NAME = AccentColor;
				CODE_SIGN_STYLE = Automatic;
				DEVELOPMENT_ASSET_PATHS = "\"overdone/Preview Content\"";
				DEVELOPMENT_TEAM = X2JKSF7P44;
				ENABLE_PREVIEWS = YES;
				INFOPLIST_FILE = overdone/Info.plist;
				IPHONEOS_DEPLOYMENT_TARGET = 14.0;
				LD_RUNPATH_SEARCH_PATHS = (
					"$(inherited)",
					"@executable_path/Frameworks",
				);
				PRODUCT_BUNDLE_IDENTIFIER = com.aridokmecian.overdone;
				PRODUCT_NAME = "$(TARGET_NAME)";
				SWIFT_VERSION = 5.0;
				TARGETED_DEVICE_FAMILY = "1,2";
			};
			name = Release;
		};
		773A0ACA251C436900C05ED1 /* Debug */ = {
			isa = XCBuildConfiguration;
			buildSettings = {
				ALWAYS_EMBED_SWIFT_STANDARD_LIBRARIES = YES;
				BUNDLE_LOADER = "$(TEST_HOST)";
				CODE_SIGN_STYLE = Automatic;
				DEVELOPMENT_TEAM = X2JKSF7P44;
				INFOPLIST_FILE = overdoneTests/Info.plist;
				IPHONEOS_DEPLOYMENT_TARGET = 14.0;
				LD_RUNPATH_SEARCH_PATHS = (
					"$(inherited)",
					"@executable_path/Frameworks",
					"@loader_path/Frameworks",
				);
				PRODUCT_BUNDLE_IDENTIFIER = com.aridokmecian.overdoneTests;
				PRODUCT_NAME = "$(TARGET_NAME)";
				SWIFT_VERSION = 5.0;
				TARGETED_DEVICE_FAMILY = "1,2";
				TEST_HOST = "$(BUILT_PRODUCTS_DIR)/overdone.app/overdone";
			};
			name = Debug;
		};
		773A0ACB251C436900C05ED1 /* Release */ = {
			isa = XCBuildConfiguration;
			buildSettings = {
				ALWAYS_EMBED_SWIFT_STANDARD_LIBRARIES = YES;
				BUNDLE_LOADER = "$(TEST_HOST)";
				CODE_SIGN_STYLE = Automatic;
				DEVELOPMENT_TEAM = X2JKSF7P44;
				INFOPLIST_FILE = overdoneTests/Info.plist;
				IPHONEOS_DEPLOYMENT_TARGET = 14.0;
				LD_RUNPATH_SEARCH_PATHS = (
					"$(inherited)",
					"@executable_path/Frameworks",
					"@loader_path/Frameworks",
				);
				PRODUCT_BUNDLE_IDENTIFIER = com.aridokmecian.overdoneTests;
				PRODUCT_NAME = "$(TARGET_NAME)";
				SWIFT_VERSION = 5.0;
				TARGETED_DEVICE_FAMILY = "1,2";
				TEST_HOST = "$(BUILT_PRODUCTS_DIR)/overdone.app/overdone";
			};
			name = Release;
		};
		773A0ACD251C436900C05ED1 /* Debug */ = {
			isa = XCBuildConfiguration;
			buildSettings = {
				ALWAYS_EMBED_SWIFT_STANDARD_LIBRARIES = YES;
				CODE_SIGN_STYLE = Automatic;
				DEVELOPMENT_TEAM = X2JKSF7P44;
				INFOPLIST_FILE = overdoneUITests/Info.plist;
				LD_RUNPATH_SEARCH_PATHS = (
					"$(inherited)",
					"@executable_path/Frameworks",
					"@loader_path/Frameworks",
				);
				PRODUCT_BUNDLE_IDENTIFIER = com.aridokmecian.overdoneUITests;
				PRODUCT_NAME = "$(TARGET_NAME)";
				SWIFT_VERSION = 5.0;
				TARGETED_DEVICE_FAMILY = "1,2";
				TEST_TARGET_NAME = overdone;
			};
			name = Debug;
		};
		773A0ACE251C436900C05ED1 /* Release */ = {
			isa = XCBuildConfiguration;
			buildSettings = {
				ALWAYS_EMBED_SWIFT_STANDARD_LIBRARIES = YES;
				CODE_SIGN_STYLE = Automatic;
				DEVELOPMENT_TEAM = X2JKSF7P44;
				INFOPLIST_FILE = overdoneUITests/Info.plist;
				LD_RUNPATH_SEARCH_PATHS = (
					"$(inherited)",
					"@executable_path/Frameworks",
					"@loader_path/Frameworks",
				);
				PRODUCT_BUNDLE_IDENTIFIER = com.aridokmecian.overdoneUITests;
				PRODUCT_NAME = "$(TARGET_NAME)";
				SWIFT_VERSION = 5.0;
				TARGETED_DEVICE_FAMILY = "1,2";
				TEST_TARGET_NAME = overdone;
			};
			name = Release;
		};
/* End XCBuildConfiguration section */

/* Begin XCConfigurationList section */
		773A0A97251C436700C05ED1 /* Build configuration list for PBXProject "overdone" */ = {
			isa = XCConfigurationList;
			buildConfigurations = (
				773A0AC4251C436900C05ED1 /* Debug */,
				773A0AC5251C436900C05ED1 /* Release */,
			);
			defaultConfigurationIsVisible = 0;
			defaultConfigurationName = Release;
		};
		773A0AC6251C436900C05ED1 /* Build configuration list for PBXNativeTarget "overdone" */ = {
			isa = XCConfigurationList;
			buildConfigurations = (
				773A0AC7251C436900C05ED1 /* Debug */,
				773A0AC8251C436900C05ED1 /* Release */,
			);
			defaultConfigurationIsVisible = 0;
			defaultConfigurationName = Release;
		};
		773A0AC9251C436900C05ED1 /* Build configuration list for PBXNativeTarget "overdoneTests" */ = {
			isa = XCConfigurationList;
			buildConfigurations = (
				773A0ACA251C436900C05ED1 /* Debug */,
				773A0ACB251C436900C05ED1 /* Release */,
			);
			defaultConfigurationIsVisible = 0;
			defaultConfigurationName = Release;
		};
		773A0ACC251C436900C05ED1 /* Build configuration list for PBXNativeTarget "overdoneUITests" */ = {
			isa = XCConfigurationList;
			buildConfigurations = (
				773A0ACD251C436900C05ED1 /* Debug */,
				773A0ACE251C436900C05ED1 /* Release */,
			);
			defaultConfigurationIsVisible = 0;
			defaultConfigurationName = Release;
		};
/* End XCConfigurationList section */

/* Begin XCVersionGroup section */
		77AD9010251D8F0C0028A26A /* overdoneModel.xcdatamodeld */ = {
			isa = XCVersionGroup;
			children = (
				77AD9011251D8F0C0028A26A /* overdoneModel.xcdatamodel */,
			);
			currentVersion = 77AD9011251D8F0C0028A26A /* overdoneModel.xcdatamodel */;
			path = overdoneModel.xcdatamodeld;
			sourceTree = "<group>";
			versionGroupType = wrapper.xcdatamodel;
		};
/* End XCVersionGroup section */
	};
	rootObject = 773A0A94251C436700C05ED1 /* Project object */;
}
